
Microsoft Visual Studio Solution File, Format Version 12.00
Project("{FAE04EC0-301F-11D3-BF4B-00C04F79EFBC}") = "ShapeCalc", "ShapeCalc\ShapeCalc.csproj", "{4FDD528F-0D6B-40C6-9304-838B351BB247}"
EndProject
Project("{FAE04EC0-301F-11D3-BF4B-00C04F79EFBC}") = "ShapeCalc.Tests", "ShapeCalc.Tests\ShapeCalc.Tests.csproj", "{CD0BCEA8-2EB6-4332-9882-5FFD7355DCA0}"
EndProject
Global
	GlobalSection(SolutionConfigurationPlatforms) = preSolution
		Debug|Any CPU = Debug|Any CPU
		Release|Any CPU = Release|Any CPU
	EndGlobalSection
	GlobalSection(ProjectConfigurationPlatforms) = postSolution
		{4FDD528F-0D6B-40C6-9304-838B351BB247}.Debug|Any CPU.ActiveCfg = Debug|Any CPU
		{4FDD528F-0D6B-40C6-9304-838B351BB247}.Debug|Any CPU.Build.0 = Debug|Any CPU
		{4FDD528F-0D6B-40C6-9304-838B351BB247}.Release|Any CPU.ActiveCfg = Release|Any CPU
		{4FDD528F-0D6B-40C6-9304-838B351BB247}.Release|Any CPU.Build.0 = Release|Any CPU
		{CD0BCEA8-2EB6-4332-9882-5FFD7355DCA0}.Debug|Any CPU.ActiveCfg = Debug|Any CPU
		{CD0BCEA8-2EB6-4332-9882-5FFD7355DCA0}.Debug|Any CPU.Build.0 = Debug|Any CPU
		{CD0BCEA8-2EB6-4332-9882-5FFD7355DCA0}.Release|Any CPU.ActiveCfg = Release|Any CPU
		{CD0BCEA8-2EB6-4332-9882-5FFD7355DCA0}.Release|Any CPU.Build.0 = Release|Any CPU
	EndGlobalSection
EndGlobal
